// !$*UTF8*$!
{
	archiveVersion = 1;
	classes = {
	};
	objectVersion = 56;
	objects = {

/* Begin PBXBuildFile section */
		1D3D01BDD96E9E73272F8A54 /* Pods_JiShi.framework in Frameworks */ = {isa = PBXBuildFile; fileRef = 9E1313B543935665B204C0EE /* Pods_JiShi.framework */; };
		3618933E2B37BB99006E8299 /* EduWrapper.swift in Sources */ = {isa = PBXBuildFile; fileRef = 3618933D2B37BB99006E8299 /* EduWrapper.swift */; };
		363C8B1F2B3874D20009A5D7 /* UserRepository.swift in Sources */ = {isa = PBXBuildFile; fileRef = 363C8B1E2B3874D20009A5D7 /* UserRepository.swift */; };
		363C8B212B3874F00009A5D7 /* ExamRepository.swift in Sources */ = {isa = PBXBuildFile; fileRef = 363C8B202B3874F00009A5D7 /* ExamRepository.swift */; };
		363C8B232B3874FB0009A5D7 /* LessonRepository.swift in Sources */ = {isa = PBXBuildFile; fileRef = 363C8B222B3874FB0009A5D7 /* LessonRepository.swift */; };
		363C8B252B3875070009A5D7 /* RoomRepository.swift in Sources */ = {isa = PBXBuildFile; fileRef = 363C8B242B3875070009A5D7 /* RoomRepository.swift */; };
		363C8B272B3875130009A5D7 /* ScoreRepository.swift in Sources */ = {isa = PBXBuildFile; fileRef = 363C8B262B3875130009A5D7 /* ScoreRepository.swift */; };
		363C8B292B38755A0009A5D7 /* RssRepository.swift in Sources */ = {isa = PBXBuildFile; fileRef = 363C8B282B38755A0009A5D7 /* RssRepository.swift */; };
		363C8B2B2B3875810009A5D7 /* HallRepository.swift in Sources */ = {isa = PBXBuildFile; fileRef = 363C8B2A2B3875810009A5D7 /* HallRepository.swift */; };
		363C8B2F2B3990800009A5D7 /* Result.swift in Sources */ = {isa = PBXBuildFile; fileRef = 363C8B2E2B3990800009A5D7 /* Result.swift */; };
		366FFCCD2B3809D0001FA11D /* CalendarHelper.swift in Sources */ = {isa = PBXBuildFile; fileRef = 366FFCCC2B3809D0001FA11D /* CalendarHelper.swift */; };
		366FFCD22B380BF3001FA11D /* WelcomeScreen.swift in Sources */ = {isa = PBXBuildFile; fileRef = 366FFCD12B380BF3001FA11D /* WelcomeScreen.swift */; };
		366FFCD42B380BFE001FA11D /* WelcomeViewModel.swift in Sources */ = {isa = PBXBuildFile; fileRef = 366FFCD32B380BFE001FA11D /* WelcomeViewModel.swift */; };
		366FFCD72B380C11001FA11D /* NewsListViewModel.swift in Sources */ = {isa = PBXBuildFile; fileRef = 366FFCD62B380C11001FA11D /* NewsListViewModel.swift */; };
		366FFCD92B380C1A001FA11D /* NewsListScreen.swift in Sources */ = {isa = PBXBuildFile; fileRef = 366FFCD82B380C1A001FA11D /* NewsListScreen.swift */; };
		366FFCDC2B380C30001FA11D /* NewsDetailScreen.swift in Sources */ = {isa = PBXBuildFile; fileRef = 366FFCDB2B380C30001FA11D /* NewsDetailScreen.swift */; };
		366FFCDE2B380C3C001FA11D /* NewsDetailViewModel.swift in Sources */ = {isa = PBXBuildFile; fileRef = 366FFCDD2B380C3C001FA11D /* NewsDetailViewModel.swift */; };
		366FFCE12B380C50001FA11D /* HomeListScreen.swift in Sources */ = {isa = PBXBuildFile; fileRef = 366FFCE02B380C50001FA11D /* HomeListScreen.swift */; };
		366FFCEA2B380CAE001FA11D /* CalendarViewModel.swift in Sources */ = {isa = PBXBuildFile; fileRef = 366FFCE92B380CAE001FA11D /* CalendarViewModel.swift */; };
		366FFCEC2B380CB7001FA11D /* ClassroomScreen.swift in Sources */ = {isa = PBXBuildFile; fileRef = 366FFCEB2B380CB7001FA11D /* ClassroomScreen.swift */; };
		366FFCEE2B380CC3001FA11D /* ClassroomViewModel.swift in Sources */ = {isa = PBXBuildFile; fileRef = 366FFCED2B380CC3001FA11D /* ClassroomViewModel.swift */; };
		366FFCF02B380CCB001FA11D /* ExamScreen.swift in Sources */ = {isa = PBXBuildFile; fileRef = 366FFCEF2B380CCB001FA11D /* ExamScreen.swift */; };
		366FFCF22B380CD3001FA11D /* ExamViewModel.swift in Sources */ = {isa = PBXBuildFile; fileRef = 366FFCF12B380CD3001FA11D /* ExamViewModel.swift */; };
		366FFCF42B380CDF001FA11D /* QrcodeScreen.swift in Sources */ = {isa = PBXBuildFile; fileRef = 366FFCF32B380CDF001FA11D /* QrcodeScreen.swift */; };
		366FFCF62B380CE8001FA11D /* QrcodeViewModel.swift in Sources */ = {isa = PBXBuildFile; fileRef = 366FFCF52B380CE8001FA11D /* QrcodeViewModel.swift */; };
		366FFCF82B380CF0001FA11D /* ScoreScreen.swift in Sources */ = {isa = PBXBuildFile; fileRef = 366FFCF72B380CF0001FA11D /* ScoreScreen.swift */; };
		366FFCFA2B380CF9001FA11D /* ScoreViewModel.swift in Sources */ = {isa = PBXBuildFile; fileRef = 366FFCF92B380CF9001FA11D /* ScoreViewModel.swift */; };
		366FFD022B380D60001FA11D /* AboutScreen.swift in Sources */ = {isa = PBXBuildFile; fileRef = 366FFD012B380D60001FA11D /* AboutScreen.swift */; };
		366FFD042B380D69001FA11D /* CampusLoginScreen.swift in Sources */ = {isa = PBXBuildFile; fileRef = 366FFD032B380D69001FA11D /* CampusLoginScreen.swift */; };
		366FFD062B380D74001FA11D /* CampusLoginViewModel.swift in Sources */ = {isa = PBXBuildFile; fileRef = 366FFD052B380D74001FA11D /* CampusLoginViewModel.swift */; };
		366FFD082B380D7E001FA11D /* CardLoginScreen.swift in Sources */ = {isa = PBXBuildFile; fileRef = 366FFD072B380D7E001FA11D /* CardLoginScreen.swift */; };
		366FFD0A2B380D88001FA11D /* CardLoginViewModel.swift in Sources */ = {isa = PBXBuildFile; fileRef = 366FFD092B380D88001FA11D /* CardLoginViewModel.swift */; };
		366FFD0C2B380D91001FA11D /* PrivacyScreen.swift in Sources */ = {isa = PBXBuildFile; fileRef = 366FFD0B2B380D91001FA11D /* PrivacyScreen.swift */; };
		366FFD0E2B380D9A001FA11D /* SettingListScreen.swift in Sources */ = {isa = PBXBuildFile; fileRef = 366FFD0D2B380D9A001FA11D /* SettingListScreen.swift */; };
		366FFD102B380DA5001FA11D /* SubscriptionScreen.swift in Sources */ = {isa = PBXBuildFile; fileRef = 366FFD0F2B380DA5001FA11D /* SubscriptionScreen.swift */; };
		366FFD122B380DB0001FA11D /* SubscriptionViewModel.swift in Sources */ = {isa = PBXBuildFile; fileRef = 366FFD112B380DB0001FA11D /* SubscriptionViewModel.swift */; };
		366FFD142B380DF0001FA11D /* CalendarScreen.swift in Sources */ = {isa = PBXBuildFile; fileRef = 366FFD132B380DF0001FA11D /* CalendarScreen.swift */; };
		36AF9E402B36B188000142B6 /* MainApp.swift in Sources */ = {isa = PBXBuildFile; fileRef = 36AF9E3F2B36B188000142B6 /* MainApp.swift */; };
		36AF9E452B3715E1000142B6 /* HttpClient.swift in Sources */ = {isa = PBXBuildFile; fileRef = 36AF9E442B3715E1000142B6 /* HttpClient.swift */; };
		36AF9E542B3736EF000142B6 /* ChannelDao.swift in Sources */ = {isa = PBXBuildFile; fileRef = 36AF9E532B3736EF000142B6 /* ChannelDao.swift */; };
		36AF9E562B37382D000142B6 /* ArticleDao.swift in Sources */ = {isa = PBXBuildFile; fileRef = 36AF9E552B37382D000142B6 /* ArticleDao.swift */; };
		36AF9E582B3738CC000142B6 /* CasService.swift in Sources */ = {isa = PBXBuildFile; fileRef = 36AF9E572B3738CC000142B6 /* CasService.swift */; };
		36AF9E5A2B3738D5000142B6 /* EduService.swift in Sources */ = {isa = PBXBuildFile; fileRef = 36AF9E592B3738D5000142B6 /* EduService.swift */; };
		36AF9E5E2B373900000142B6 /* HallService.swift in Sources */ = {isa = PBXBuildFile; fileRef = 36AF9E5D2B373900000142B6 /* HallService.swift */; };
		36FF0E3A2B3601C6003B027F /* Assets.xcassets in Resources */ = {isa = PBXBuildFile; fileRef = 36FF0E392B3601C6003B027F /* Assets.xcassets */; };
		36FF0E3D2B3601C6003B027F /* Preview Assets.xcassets in Resources */ = {isa = PBXBuildFile; fileRef = 36FF0E3C2B3601C6003B027F /* Preview Assets.xcassets */; };
		36FF0E692B360370003B027F /* EduAppConfig.swift in Sources */ = {isa = PBXBuildFile; fileRef = 36FF0E502B360370003B027F /* EduAppConfig.swift */; };
		36FF0E6A2B360370003B027F /* EduBuildingResult.swift in Sources */ = {isa = PBXBuildFile; fileRef = 36FF0E512B360370003B027F /* EduBuildingResult.swift */; };
		36FF0E6B2B360370003B027F /* EduTermResult.swift in Sources */ = {isa = PBXBuildFile; fileRef = 36FF0E522B360370003B027F /* EduTermResult.swift */; };
		36FF0E6E2B360370003B027F /* EduExamResult.swift in Sources */ = {isa = PBXBuildFile; fileRef = 36FF0E552B360370003B027F /* EduExamResult.swift */; };
		36FF0E6F2B360370003B027F /* EduResource.swift in Sources */ = {isa = PBXBuildFile; fileRef = 36FF0E562B360370003B027F /* EduResource.swift */; };
		36FF0E702B360370003B027F /* EduRoomResult.swift in Sources */ = {isa = PBXBuildFile; fileRef = 36FF0E572B360370003B027F /* EduRoomResult.swift */; };
		36FF0E712B360370003B027F /* EduScoreResult.swift in Sources */ = {isa = PBXBuildFile; fileRef = 36FF0E582B360370003B027F /* EduScoreResult.swift */; };
		36FF0E722B360370003B027F /* IStudentProfile.swift in Sources */ = {isa = PBXBuildFile; fileRef = 36FF0E592B360370003B027F /* IStudentProfile.swift */; };
		36FF0E732B360370003B027F /* EduQueryResult.swift in Sources */ = {isa = PBXBuildFile; fileRef = 36FF0E5A2B360370003B027F /* EduQueryResult.swift */; };
		36FF0E742B360370003B027F /* EduLessonResult.swift in Sources */ = {isa = PBXBuildFile; fileRef = 36FF0E5B2B360370003B027F /* EduLessonResult.swift */; };
		36FF0E752B360370003B027F /* User.swift in Sources */ = {isa = PBXBuildFile; fileRef = 36FF0E5D2B360370003B027F /* User.swift */; };
		36FF0E762B360370003B027F /* Repository.swift in Sources */ = {isa = PBXBuildFile; fileRef = 36FF0E5E2B360370003B027F /* Repository.swift */; };
		36FF0E782B360370003B027F /* Channel.swift in Sources */ = {isa = PBXBuildFile; fileRef = 36FF0E612B360370003B027F /* Channel.swift */; };
		36FF0E792B360370003B027F /* Article.swift in Sources */ = {isa = PBXBuildFile; fileRef = 36FF0E622B360370003B027F /* Article.swift */; };
		36FF0E7A2B360370003B027F /* MirrorConfig.swift in Sources */ = {isa = PBXBuildFile; fileRef = 36FF0E642B360370003B027F /* MirrorConfig.swift */; };
		36FF0E7B2B360370003B027F /* Homework.swift in Sources */ = {isa = PBXBuildFile; fileRef = 36FF0E652B360370003B027F /* Homework.swift */; };
		36FF0E7C2B360370003B027F /* LessonList.swift in Sources */ = {isa = PBXBuildFile; fileRef = 36FF0E662B360370003B027F /* LessonList.swift */; };
		36FF0E7D2B360370003B027F /* ClassDetail.swift in Sources */ = {isa = PBXBuildFile; fileRef = 36FF0E672B360370003B027F /* ClassDetail.swift */; };
/* End PBXBuildFile section */

/* Begin PBXFileReference section */
		18A7453061ABB55B4A9CD85E /* Pods-JiShi.debug.xcconfig */ = {isa = PBXFileReference; includeInIndex = 1; lastKnownFileType = text.xcconfig; name = "Pods-JiShi.debug.xcconfig"; path = "Target Support Files/Pods-JiShi/Pods-JiShi.debug.xcconfig"; sourceTree = "<group>"; };
		3618933D2B37BB99006E8299 /* EduWrapper.swift */ = {isa = PBXFileReference; lastKnownFileType = sourcecode.swift; path = EduWrapper.swift; sourceTree = "<group>"; };
		363C8B1E2B3874D20009A5D7 /* UserRepository.swift */ = {isa = PBXFileReference; lastKnownFileType = sourcecode.swift; path = UserRepository.swift; sourceTree = "<group>"; };
		363C8B202B3874F00009A5D7 /* ExamRepository.swift */ = {isa = PBXFileReference; lastKnownFileType = sourcecode.swift; path = ExamRepository.swift; sourceTree = "<group>"; };
		363C8B222B3874FB0009A5D7 /* LessonRepository.swift */ = {isa = PBXFileReference; lastKnownFileType = sourcecode.swift; path = LessonRepository.swift; sourceTree = "<group>"; };
		363C8B242B3875070009A5D7 /* RoomRepository.swift */ = {isa = PBXFileReference; lastKnownFileType = sourcecode.swift; path = RoomRepository.swift; sourceTree = "<group>"; };
		363C8B262B3875130009A5D7 /* ScoreRepository.swift */ = {isa = PBXFileReference; lastKnownFileType = sourcecode.swift; path = ScoreRepository.swift; sourceTree = "<group>"; };
		363C8B282B38755A0009A5D7 /* RssRepository.swift */ = {isa = PBXFileReference; lastKnownFileType = sourcecode.swift; path = RssRepository.swift; sourceTree = "<group>"; };
		363C8B2A2B3875810009A5D7 /* HallRepository.swift */ = {isa = PBXFileReference; lastKnownFileType = sourcecode.swift; path = HallRepository.swift; sourceTree = "<group>"; };
		363C8B2E2B3990800009A5D7 /* Result.swift */ = {isa = PBXFileReference; lastKnownFileType = sourcecode.swift; path = Result.swift; sourceTree = "<group>"; };
		366FFCCC2B3809D0001FA11D /* CalendarHelper.swift */ = {isa = PBXFileReference; lastKnownFileType = sourcecode.swift; path = CalendarHelper.swift; sourceTree = "<group>"; };
		366FFCD12B380BF3001FA11D /* WelcomeScreen.swift */ = {isa = PBXFileReference; lastKnownFileType = sourcecode.swift; path = WelcomeScreen.swift; sourceTree = "<group>"; };
		366FFCD32B380BFE001FA11D /* WelcomeViewModel.swift */ = {isa = PBXFileReference; lastKnownFileType = sourcecode.swift; path = WelcomeViewModel.swift; sourceTree = "<group>"; };
		366FFCD62B380C11001FA11D /* NewsListViewModel.swift */ = {isa = PBXFileReference; lastKnownFileType = sourcecode.swift; path = NewsListViewModel.swift; sourceTree = "<group>"; };
		366FFCD82B380C1A001FA11D /* NewsListScreen.swift */ = {isa = PBXFileReference; lastKnownFileType = sourcecode.swift; path = NewsListScreen.swift; sourceTree = "<group>"; };
		366FFCDB2B380C30001FA11D /* NewsDetailScreen.swift */ = {isa = PBXFileReference; lastKnownFileType = sourcecode.swift; path = NewsDetailScreen.swift; sourceTree = "<group>"; };
		366FFCDD2B380C3C001FA11D /* NewsDetailViewModel.swift */ = {isa = PBXFileReference; lastKnownFileType = sourcecode.swift; path = NewsDetailViewModel.swift; sourceTree = "<group>"; };
		366FFCE02B380C50001FA11D /* HomeListScreen.swift */ = {isa = PBXFileReference; lastKnownFileType = sourcecode.swift; path = HomeListScreen.swift; sourceTree = "<group>"; };
		366FFCE92B380CAE001FA11D /* CalendarViewModel.swift */ = {isa = PBXFileReference; lastKnownFileType = sourcecode.swift; path = CalendarViewModel.swift; sourceTree = "<group>"; };
		366FFCEB2B380CB7001FA11D /* ClassroomScreen.swift */ = {isa = PBXFileReference; lastKnownFileType = sourcecode.swift; path = ClassroomScreen.swift; sourceTree = "<group>"; };
		366FFCED2B380CC3001FA11D /* ClassroomViewModel.swift */ = {isa = PBXFileReference; lastKnownFileType = sourcecode.swift; path = ClassroomViewModel.swift; sourceTree = "<group>"; };
		366FFCEF2B380CCB001FA11D /* ExamScreen.swift */ = {isa = PBXFileReference; lastKnownFileType = sourcecode.swift; path = ExamScreen.swift; sourceTree = "<group>"; };
		366FFCF12B380CD3001FA11D /* ExamViewModel.swift */ = {isa = PBXFileReference; lastKnownFileType = sourcecode.swift; path = ExamViewModel.swift; sourceTree = "<group>"; };
		366FFCF32B380CDF001FA11D /* QrcodeScreen.swift */ = {isa = PBXFileReference; lastKnownFileType = sourcecode.swift; path = QrcodeScreen.swift; sourceTree = "<group>"; };
		366FFCF52B380CE8001FA11D /* QrcodeViewModel.swift */ = {isa = PBXFileReference; lastKnownFileType = sourcecode.swift; path = QrcodeViewModel.swift; sourceTree = "<group>"; };
		366FFCF72B380CF0001FA11D /* ScoreScreen.swift */ = {isa = PBXFileReference; lastKnownFileType = sourcecode.swift; path = ScoreScreen.swift; sourceTree = "<group>"; };
		366FFCF92B380CF9001FA11D /* ScoreViewModel.swift */ = {isa = PBXFileReference; lastKnownFileType = sourcecode.swift; path = ScoreViewModel.swift; sourceTree = "<group>"; };
		366FFD012B380D60001FA11D /* AboutScreen.swift */ = {isa = PBXFileReference; lastKnownFileType = sourcecode.swift; path = AboutScreen.swift; sourceTree = "<group>"; };
		366FFD032B380D69001FA11D /* CampusLoginScreen.swift */ = {isa = PBXFileReference; lastKnownFileType = sourcecode.swift; path = CampusLoginScreen.swift; sourceTree = "<group>"; };
		366FFD052B380D74001FA11D /* CampusLoginViewModel.swift */ = {isa = PBXFileReference; lastKnownFileType = sourcecode.swift; path = CampusLoginViewModel.swift; sourceTree = "<group>"; };
		366FFD072B380D7E001FA11D /* CardLoginScreen.swift */ = {isa = PBXFileReference; lastKnownFileType = sourcecode.swift; path = CardLoginScreen.swift; sourceTree = "<group>"; };
		366FFD092B380D88001FA11D /* CardLoginViewModel.swift */ = {isa = PBXFileReference; lastKnownFileType = sourcecode.swift; path = CardLoginViewModel.swift; sourceTree = "<group>"; };
		366FFD0B2B380D91001FA11D /* PrivacyScreen.swift */ = {isa = PBXFileReference; lastKnownFileType = sourcecode.swift; path = PrivacyScreen.swift; sourceTree = "<group>"; };
		366FFD0D2B380D9A001FA11D /* SettingListScreen.swift */ = {isa = PBXFileReference; lastKnownFileType = sourcecode.swift; path = SettingListScreen.swift; sourceTree = "<group>"; };
		366FFD0F2B380DA5001FA11D /* SubscriptionScreen.swift */ = {isa = PBXFileReference; lastKnownFileType = sourcecode.swift; path = SubscriptionScreen.swift; sourceTree = "<group>"; };
		366FFD112B380DB0001FA11D /* SubscriptionViewModel.swift */ = {isa = PBXFileReference; lastKnownFileType = sourcecode.swift; path = SubscriptionViewModel.swift; sourceTree = "<group>"; };
		366FFD132B380DF0001FA11D /* CalendarScreen.swift */ = {isa = PBXFileReference; lastKnownFileType = sourcecode.swift; path = CalendarScreen.swift; sourceTree = "<group>"; };
		36AF9E3F2B36B188000142B6 /* MainApp.swift */ = {isa = PBXFileReference; lastKnownFileType = sourcecode.swift; path = MainApp.swift; sourceTree = "<group>"; };
		36AF9E442B3715E1000142B6 /* HttpClient.swift */ = {isa = PBXFileReference; lastKnownFileType = sourcecode.swift; path = HttpClient.swift; sourceTree = "<group>"; };
		36AF9E462B3727AC000142B6 /* JiShi.app */ = {isa = PBXFileReference; explicitFileType = wrapper.application; includeInIndex = 0; path = JiShi.app; sourceTree = BUILT_PRODUCTS_DIR; };
		36AF9E532B3736EF000142B6 /* ChannelDao.swift */ = {isa = PBXFileReference; lastKnownFileType = sourcecode.swift; path = ChannelDao.swift; sourceTree = "<group>"; };
		36AF9E552B37382D000142B6 /* ArticleDao.swift */ = {isa = PBXFileReference; lastKnownFileType = sourcecode.swift; path = ArticleDao.swift; sourceTree = "<group>"; };
		36AF9E572B3738CC000142B6 /* CasService.swift */ = {isa = PBXFileReference; lastKnownFileType = sourcecode.swift; path = CasService.swift; sourceTree = "<group>"; };
		36AF9E592B3738D5000142B6 /* EduService.swift */ = {isa = PBXFileReference; lastKnownFileType = sourcecode.swift; path = EduService.swift; sourceTree = "<group>"; };
		36AF9E5D2B373900000142B6 /* HallService.swift */ = {isa = PBXFileReference; lastKnownFileType = sourcecode.swift; path = HallService.swift; sourceTree = "<group>"; };
		36FF0E392B3601C6003B027F /* Assets.xcassets */ = {isa = PBXFileReference; lastKnownFileType = folder.assetcatalog; path = Assets.xcassets; sourceTree = "<group>"; };
		36FF0E3C2B3601C6003B027F /* Preview Assets.xcassets */ = {isa = PBXFileReference; lastKnownFileType = folder.assetcatalog; path = "Preview Assets.xcassets"; sourceTree = "<group>"; };
		36FF0E502B360370003B027F /* EduAppConfig.swift */ = {isa = PBXFileReference; fileEncoding = 4; lastKnownFileType = sourcecode.swift; path = EduAppConfig.swift; sourceTree = "<group>"; };
		36FF0E512B360370003B027F /* EduBuildingResult.swift */ = {isa = PBXFileReference; fileEncoding = 4; lastKnownFileType = sourcecode.swift; path = EduBuildingResult.swift; sourceTree = "<group>"; };
		36FF0E522B360370003B027F /* EduTermResult.swift */ = {isa = PBXFileReference; fileEncoding = 4; lastKnownFileType = sourcecode.swift; path = EduTermResult.swift; sourceTree = "<group>"; };
		36FF0E552B360370003B027F /* EduExamResult.swift */ = {isa = PBXFileReference; fileEncoding = 4; lastKnownFileType = sourcecode.swift; path = EduExamResult.swift; sourceTree = "<group>"; };
		36FF0E562B360370003B027F /* EduResource.swift */ = {isa = PBXFileReference; fileEncoding = 4; lastKnownFileType = sourcecode.swift; path = EduResource.swift; sourceTree = "<group>"; };
		36FF0E572B360370003B027F /* EduRoomResult.swift */ = {isa = PBXFileReference; fileEncoding = 4; lastKnownFileType = sourcecode.swift; path = EduRoomResult.swift; sourceTree = "<group>"; };
		36FF0E582B360370003B027F /* EduScoreResult.swift */ = {isa = PBXFileReference; fileEncoding = 4; lastKnownFileType = sourcecode.swift; path = EduScoreResult.swift; sourceTree = "<group>"; };
		36FF0E592B360370003B027F /* IStudentProfile.swift */ = {isa = PBXFileReference; fileEncoding = 4; lastKnownFileType = sourcecode.swift; path = IStudentProfile.swift; sourceTree = "<group>"; };
		36FF0E5A2B360370003B027F /* EduQueryResult.swift */ = {isa = PBXFileReference; fileEncoding = 4; lastKnownFileType = sourcecode.swift; path = EduQueryResult.swift; sourceTree = "<group>"; };
		36FF0E5B2B360370003B027F /* EduLessonResult.swift */ = {isa = PBXFileReference; fileEncoding = 4; lastKnownFileType = sourcecode.swift; path = EduLessonResult.swift; sourceTree = "<group>"; };
		36FF0E5D2B360370003B027F /* User.swift */ = {isa = PBXFileReference; fileEncoding = 4; lastKnownFileType = sourcecode.swift; path = User.swift; sourceTree = "<group>"; };
		36FF0E5E2B360370003B027F /* Repository.swift */ = {isa = PBXFileReference; fileEncoding = 4; lastKnownFileType = sourcecode.swift; path = Repository.swift; sourceTree = "<group>"; };
		36FF0E612B360370003B027F /* Channel.swift */ = {isa = PBXFileReference; fileEncoding = 4; lastKnownFileType = sourcecode.swift; path = Channel.swift; sourceTree = "<group>"; };
		36FF0E622B360370003B027F /* Article.swift */ = {isa = PBXFileReference; fileEncoding = 4; lastKnownFileType = sourcecode.swift; path = Article.swift; sourceTree = "<group>"; };
		36FF0E642B360370003B027F /* MirrorConfig.swift */ = {isa = PBXFileReference; fileEncoding = 4; lastKnownFileType = sourcecode.swift; path = MirrorConfig.swift; sourceTree = "<group>"; };
		36FF0E652B360370003B027F /* Homework.swift */ = {isa = PBXFileReference; fileEncoding = 4; lastKnownFileType = sourcecode.swift; path = Homework.swift; sourceTree = "<group>"; };
		36FF0E662B360370003B027F /* LessonList.swift */ = {isa = PBXFileReference; fileEncoding = 4; lastKnownFileType = sourcecode.swift; path = LessonList.swift; sourceTree = "<group>"; };
		36FF0E672B360370003B027F /* ClassDetail.swift */ = {isa = PBXFileReference; fileEncoding = 4; lastKnownFileType = sourcecode.swift; path = ClassDetail.swift; sourceTree = "<group>"; };
		534865F1CB38B583B7AD1770 /* Pods-JiShi.release.xcconfig */ = {isa = PBXFileReference; includeInIndex = 1; lastKnownFileType = text.xcconfig; name = "Pods-JiShi.release.xcconfig"; path = "Target Support Files/Pods-JiShi/Pods-JiShi.release.xcconfig"; sourceTree = "<group>"; };
		9E1313B543935665B204C0EE /* Pods_JiShi.framework */ = {isa = PBXFileReference; explicitFileType = wrapper.framework; includeInIndex = 0; path = Pods_JiShi.framework; sourceTree = BUILT_PRODUCTS_DIR; };
/* End PBXFileReference section */

/* Begin PBXFrameworksBuildPhase section */
		36FF0E2F2B3601C4003B027F /* Frameworks */ = {
			isa = PBXFrameworksBuildPhase;
			buildActionMask = 2147483647;
			files = (
				1D3D01BDD96E9E73272F8A54 /* Pods_JiShi.framework in Frameworks */,
			);
			runOnlyForDeploymentPostprocessing = 0;
		};
/* End PBXFrameworksBuildPhase section */

/* Begin PBXGroup section */
		33E262DC54F9D13C56F0ADDC /* Frameworks */ = {
			isa = PBXGroup;
			children = (
				9E1313B543935665B204C0EE /* Pods_JiShi.framework */,
			);
			name = Frameworks;
			sourceTree = "<group>";
		};
		366FFCCE2B380BCA001FA11D /* Welcome */ = {
			isa = PBXGroup;
			children = (
				366FFCD12B380BF3001FA11D /* WelcomeScreen.swift */,
				366FFCD32B380BFE001FA11D /* WelcomeViewModel.swift */,
			);
			path = Welcome;
			sourceTree = "<group>";
		};
		366FFCCF2B380BD3001FA11D /* News */ = {
			isa = PBXGroup;
			children = (
				366FFCDA2B380C1E001FA11D /* NewsDetail */,
				366FFCD52B380C03001FA11D /* NewsList */,
			);
			path = News;
			sourceTree = "<group>";
		};
		366FFCD02B380BE2001FA11D /* Setting */ = {
			isa = PBXGroup;
			children = (
				366FFD002B380D51001FA11D /* About */,
				366FFCFF2B380D4B001FA11D /* CampusLogin */,
				366FFCFE2B380D45001FA11D /* CardLogin */,
				366FFCFD2B380D40001FA11D /* Privacy */,
				366FFCFC2B380D37001FA11D /* SettingList */,
				366FFCFB2B380D2E001FA11D /* Subscription */,
			);
			path = Setting;
			sourceTree = "<group>";
		};
		366FFCD52B380C03001FA11D /* NewsList */ = {
			isa = PBXGroup;
			children = (
				366FFCD62B380C11001FA11D /* NewsListViewModel.swift */,
				366FFCD82B380C1A001FA11D /* NewsListScreen.swift */,
			);
			path = NewsList;
			sourceTree = "<group>";
		};
		366FFCDA2B380C1E001FA11D /* NewsDetail */ = {
			isa = PBXGroup;
			children = (
				366FFCDB2B380C30001FA11D /* NewsDetailScreen.swift */,
				366FFCDD2B380C3C001FA11D /* NewsDetailViewModel.swift */,
			);
			path = NewsDetail;
			sourceTree = "<group>";
		};
		366FFCDF2B380C44001FA11D /* HomeList */ = {
			isa = PBXGroup;
			children = (
				366FFCE02B380C50001FA11D /* HomeListScreen.swift */,
			);
			path = HomeList;
			sourceTree = "<group>";
		};
		366FFCE22B380C5F001FA11D /* Calendar */ = {
			isa = PBXGroup;
			children = (
				366FFCE92B380CAE001FA11D /* CalendarViewModel.swift */,
				366FFD132B380DF0001FA11D /* CalendarScreen.swift */,
			);
			path = Calendar;
			sourceTree = "<group>";
		};
		366FFCE32B380C6A001FA11D /* Classroom */ = {
			isa = PBXGroup;
			children = (
				366FFCEB2B380CB7001FA11D /* ClassroomScreen.swift */,
				366FFCED2B380CC3001FA11D /* ClassroomViewModel.swift */,
			);
			path = Classroom;
			sourceTree = "<group>";
		};
		366FFCE42B380C7C001FA11D /* Exam */ = {
			isa = PBXGroup;
			children = (
				366FFCEF2B380CCB001FA11D /* ExamScreen.swift */,
				366FFCF12B380CD3001FA11D /* ExamViewModel.swift */,
			);
			path = Exam;
			sourceTree = "<group>";
		};
		366FFCE52B380C83001FA11D /* Qrcode */ = {
			isa = PBXGroup;
			children = (
				366FFCF32B380CDF001FA11D /* QrcodeScreen.swift */,
				366FFCF52B380CE8001FA11D /* QrcodeViewModel.swift */,
			);
			path = Qrcode;
			sourceTree = "<group>";
		};
		366FFCE62B380C8B001FA11D /* Score */ = {
			isa = PBXGroup;
			children = (
				366FFCF72B380CF0001FA11D /* ScoreScreen.swift */,
				366FFCF92B380CF9001FA11D /* ScoreViewModel.swift */,
			);
			path = Score;
			sourceTree = "<group>";
		};
		366FFCFB2B380D2E001FA11D /* Subscription */ = {
			isa = PBXGroup;
			children = (
				366FFD0F2B380DA5001FA11D /* SubscriptionScreen.swift */,
				366FFD112B380DB0001FA11D /* SubscriptionViewModel.swift */,
			);
			path = Subscription;
			sourceTree = "<group>";
		};
		366FFCFC2B380D37001FA11D /* SettingList */ = {
			isa = PBXGroup;
			children = (
				366FFD0D2B380D9A001FA11D /* SettingListScreen.swift */,
			);
			path = SettingList;
			sourceTree = "<group>";
		};
		366FFCFD2B380D40001FA11D /* Privacy */ = {
			isa = PBXGroup;
			children = (
				366FFD0B2B380D91001FA11D /* PrivacyScreen.swift */,
			);
			path = Privacy;
			sourceTree = "<group>";
		};
		366FFCFE2B380D45001FA11D /* CardLogin */ = {
			isa = PBXGroup;
			children = (
				366FFD072B380D7E001FA11D /* CardLoginScreen.swift */,
				366FFD092B380D88001FA11D /* CardLoginViewModel.swift */,
			);
			path = CardLogin;
			sourceTree = "<group>";
		};
		366FFCFF2B380D4B001FA11D /* CampusLogin */ = {
			isa = PBXGroup;
			children = (
				366FFD032B380D69001FA11D /* CampusLoginScreen.swift */,
				366FFD052B380D74001FA11D /* CampusLoginViewModel.swift */,
			);
			path = CampusLogin;
			sourceTree = "<group>";
		};
		366FFD002B380D51001FA11D /* About */ = {
			isa = PBXGroup;
			children = (
				366FFD012B380D60001FA11D /* AboutScreen.swift */,
			);
			path = About;
			sourceTree = "<group>";
		};
		36AF9E382B36B155000142B6 /* View */ = {
			isa = PBXGroup;
			children = (
				36AF9E3C2B36B155000142B6 /* Component */,
				36AF9E3B2B36B155000142B6 /* Layout */,
				36AF9E392B36B155000142B6 /* Page */,
				36AF9E3D2B36B155000142B6 /* Theme */,
			);
			path = View;
			sourceTree = "<group>";
		};
		36AF9E392B36B155000142B6 /* Page */ = {
			isa = PBXGroup;
			children = (
				36AF9E4E2B372B6A000142B6 /* Home */,
				366FFCCF2B380BD3001FA11D /* News */,
				366FFCD02B380BE2001FA11D /* Setting */,
				366FFCCE2B380BCA001FA11D /* Welcome */,
			);
			path = Page;
			sourceTree = "<group>";
		};
		36AF9E3B2B36B155000142B6 /* Layout */ = {
			isa = PBXGroup;
			children = (
			);
			path = Layout;
			sourceTree = "<group>";
		};
		36AF9E3C2B36B155000142B6 /* Component */ = {
			isa = PBXGroup;
			children = (
			);
			path = Component;
			sourceTree = "<group>";
		};
		36AF9E3D2B36B155000142B6 /* Theme */ = {
			isa = PBXGroup;
			children = (
			);
			path = Theme;
			sourceTree = "<group>";
		};
		36AF9E432B3715D1000142B6 /* Base */ = {
			isa = PBXGroup;
			children = (
				36AF9E442B3715E1000142B6 /* HttpClient.swift */,
				363C8B2E2B3990800009A5D7 /* Result.swift */,
			);
			path = Base;
			sourceTree = "<group>";
		};
		36AF9E4E2B372B6A000142B6 /* Home */ = {
			isa = PBXGroup;
			children = (
				366FFCE22B380C5F001FA11D /* Calendar */,
				366FFCE32B380C6A001FA11D /* Classroom */,
				366FFCE42B380C7C001FA11D /* Exam */,
				366FFCDF2B380C44001FA11D /* HomeList */,
				366FFCE52B380C83001FA11D /* Qrcode */,
				366FFCE62B380C8B001FA11D /* Score */,
			);
			path = Home;
			sourceTree = "<group>";
		};
		36FF0E292B3601C4003B027F = {
			isa = PBXGroup;
			children = (
				36FF0E342B3601C4003B027F /* JiShi */,
				C6B128567E6D58FBC3C41D05 /* Pods */,
				33E262DC54F9D13C56F0ADDC /* Frameworks */,
				36AF9E462B3727AC000142B6 /* JiShi.app */,
			);
			sourceTree = "<group>";
		};
		36FF0E342B3601C4003B027F /* JiShi */ = {
			isa = PBXGroup;
			children = (
				36FF0E392B3601C6003B027F /* Assets.xcassets */,
				36FF0E7E2B360381003B027F /* Data */,
				36FF0E4D2B360370003B027F /* Modal */,
				36FF0E3B2B3601C6003B027F /* Preview Content */,
				36FF0E492B360370003B027F /* Utility */,
				36AF9E382B36B155000142B6 /* View */,
				36AF9E3F2B36B188000142B6 /* MainApp.swift */,
			);
			path = JiShi;
			sourceTree = "<group>";
		};
		36FF0E3B2B3601C6003B027F /* Preview Content */ = {
			isa = PBXGroup;
			children = (
				36FF0E3C2B3601C6003B027F /* Preview Assets.xcassets */,
			);
			path = "Preview Content";
			sourceTree = "<group>";
		};
		36FF0E492B360370003B027F /* Utility */ = {
			isa = PBXGroup;
			children = (
				36FF0E4A2B360370003B027F /* Crypto */,
				36FF0E4B2B360370003B027F /* Time */,
				36FF0E4C2B360370003B027F /* System */,
			);
			path = Utility;
			sourceTree = "<group>";
		};
		36FF0E4A2B360370003B027F /* Crypto */ = {
			isa = PBXGroup;
			children = (
			);
			path = Crypto;
			sourceTree = "<group>";
		};
		36FF0E4B2B360370003B027F /* Time */ = {
			isa = PBXGroup;
			children = (
			);
			path = Time;
			sourceTree = "<group>";
		};
		36FF0E4C2B360370003B027F /* System */ = {
			isa = PBXGroup;
			children = (
				366FFCCC2B3809D0001FA11D /* CalendarHelper.swift */,
			);
			path = System;
			sourceTree = "<group>";
		};
		36FF0E4D2B360370003B027F /* Modal */ = {
			isa = PBXGroup;
			children = (
				36FF0E4E2B360370003B027F /* JiShi */,
				36FF0E4F2B360370003B027F /* Campus */,
				36FF0E5C2B360370003B027F /* Github */,
				36FF0E602B360370003B027F /* Feed */,
				36FF0E632B360370003B027F /* Chaoxing */,
			);
			path = Modal;
			sourceTree = "<group>";
		};
		36FF0E4E2B360370003B027F /* JiShi */ = {
			isa = PBXGroup;
			children = (
			);
			path = JiShi;
			sourceTree = "<group>";
		};
		36FF0E4F2B360370003B027F /* Campus */ = {
			isa = PBXGroup;
			children = (
				36FF0E502B360370003B027F /* EduAppConfig.swift */,
				36FF0E512B360370003B027F /* EduBuildingResult.swift */,
				36FF0E552B360370003B027F /* EduExamResult.swift */,
				36FF0E5B2B360370003B027F /* EduLessonResult.swift */,
				36FF0E5A2B360370003B027F /* EduQueryResult.swift */,
				36FF0E562B360370003B027F /* EduResource.swift */,
				36FF0E572B360370003B027F /* EduRoomResult.swift */,
				36FF0E582B360370003B027F /* EduScoreResult.swift */,
				36FF0E522B360370003B027F /* EduTermResult.swift */,
				36FF0E592B360370003B027F /* IStudentProfile.swift */,
				3618933D2B37BB99006E8299 /* EduWrapper.swift */,
			);
			path = Campus;
			sourceTree = "<group>";
		};
		36FF0E5C2B360370003B027F /* Github */ = {
			isa = PBXGroup;
			children = (
				36FF0E5D2B360370003B027F /* User.swift */,
				36FF0E5E2B360370003B027F /* Repository.swift */,
			);
			path = Github;
			sourceTree = "<group>";
		};
		36FF0E602B360370003B027F /* Feed */ = {
			isa = PBXGroup;
			children = (
				36FF0E612B360370003B027F /* Channel.swift */,
				36FF0E622B360370003B027F /* Article.swift */,
			);
			path = Feed;
			sourceTree = "<group>";
		};
		36FF0E632B360370003B027F /* Chaoxing */ = {
			isa = PBXGroup;
			children = (
				36FF0E642B360370003B027F /* MirrorConfig.swift */,
				36FF0E652B360370003B027F /* Homework.swift */,
				36FF0E662B360370003B027F /* LessonList.swift */,
				36FF0E672B360370003B027F /* ClassDetail.swift */,
			);
			path = Chaoxing;
			sourceTree = "<group>";
		};
		36FF0E7E2B360381003B027F /* Data */ = {
			isa = PBXGroup;
			children = (
				36AF9E432B3715D1000142B6 /* Base */,
				36FF0E7F2B360381003B027F /* Cas */,
				36FF0E802B360381003B027F /* Edu */,
				36FF0E812B360381003B027F /* Rss */,
				36FF0E822B360381003B027F /* Hall */,
			);
			path = Data;
			sourceTree = "<group>";
		};
		36FF0E7F2B360381003B027F /* Cas */ = {
			isa = PBXGroup;
			children = (
				36AF9E572B3738CC000142B6 /* CasService.swift */,
				363C8B1E2B3874D20009A5D7 /* UserRepository.swift */,
			);
			path = Cas;
			sourceTree = "<group>";
		};
		36FF0E802B360381003B027F /* Edu */ = {
			isa = PBXGroup;
			children = (
				36AF9E592B3738D5000142B6 /* EduService.swift */,
				363C8B202B3874F00009A5D7 /* ExamRepository.swift */,
				363C8B222B3874FB0009A5D7 /* LessonRepository.swift */,
				363C8B242B3875070009A5D7 /* RoomRepository.swift */,
				363C8B262B3875130009A5D7 /* ScoreRepository.swift */,
			);
			path = Edu;
			sourceTree = "<group>";
		};
		36FF0E812B360381003B027F /* Rss */ = {
			isa = PBXGroup;
			children = (
				36AF9E532B3736EF000142B6 /* ChannelDao.swift */,
				36AF9E552B37382D000142B6 /* ArticleDao.swift */,
				363C8B282B38755A0009A5D7 /* RssRepository.swift */,
			);
			path = Rss;
			sourceTree = "<group>";
		};
		36FF0E822B360381003B027F /* Hall */ = {
			isa = PBXGroup;
			children = (
				36AF9E5D2B373900000142B6 /* HallService.swift */,
				363C8B2A2B3875810009A5D7 /* HallRepository.swift */,
			);
			path = Hall;
			sourceTree = "<group>";
		};
		C6B128567E6D58FBC3C41D05 /* Pods */ = {
			isa = PBXGroup;
			children = (
				18A7453061ABB55B4A9CD85E /* Pods-JiShi.debug.xcconfig */,
				534865F1CB38B583B7AD1770 /* Pods-JiShi.release.xcconfig */,
			);
			path = Pods;
			sourceTree = "<group>";
		};
/* End PBXGroup section */

/* Begin PBXNativeTarget section */
		36FF0E312B3601C4003B027F /* JiShi */ = {
			isa = PBXNativeTarget;
			buildConfigurationList = 36FF0E402B3601C6003B027F /* Build configuration list for PBXNativeTarget "JiShi" */;
			buildPhases = (
				6ABD04E1340730934FC99B7A /* [CP] Check Pods Manifest.lock */,
				36FF0E2E2B3601C4003B027F /* Sources */,
				36FF0E2F2B3601C4003B027F /* Frameworks */,
				36FF0E302B3601C4003B027F /* Resources */,
				D35D2AE59AFD7F6324BCD8B7 /* [CP] Embed Pods Frameworks */,
			);
			buildRules = (
			);
			dependencies = (
			);
			name = JiShi;
			productName = JiShi;
			productReference = 36AF9E462B3727AC000142B6 /* JiShi.app */;
			productType = "com.apple.product-type.application";
		};
/* End PBXNativeTarget section */

/* Begin PBXProject section */
		36FF0E2A2B3601C4003B027F /* Project object */ = {
			isa = PBXProject;
			attributes = {
				BuildIndependentTargetsInParallel = 1;
				LastSwiftUpdateCheck = 1510;
				LastUpgradeCheck = 1510;
				TargetAttributes = {
					36FF0E312B3601C4003B027F = {
						CreatedOnToolsVersion = 15.1;
					};
				};
			};
			buildConfigurationList = 36FF0E2D2B3601C4003B027F /* Build configuration list for PBXProject "JiShi" */;
			compatibilityVersion = "Xcode 14.0";
			developmentRegion = en;
			hasScannedForEncodings = 0;
			knownRegions = (
				en,
				Base,
			);
			mainGroup = 36FF0E292B3601C4003B027F;
			productRefGroup = 36FF0E292B3601C4003B027F;
			projectDirPath = "";
			projectRoot = "";
			targets = (
				36FF0E312B3601C4003B027F /* JiShi */,
			);
		};
/* End PBXProject section */

/* Begin PBXResourcesBuildPhase section */
		36FF0E302B3601C4003B027F /* Resources */ = {
			isa = PBXResourcesBuildPhase;
			buildActionMask = 2147483647;
			files = (
				36FF0E3D2B3601C6003B027F /* Preview Assets.xcassets in Resources */,
				36FF0E3A2B3601C6003B027F /* Assets.xcassets in Resources */,
			);
			runOnlyForDeploymentPostprocessing = 0;
		};
/* End PBXResourcesBuildPhase section */

/* Begin PBXShellScriptBuildPhase section */
		6ABD04E1340730934FC99B7A /* [CP] Check Pods Manifest.lock */ = {
			isa = PBXShellScriptBuildPhase;
			buildActionMask = 2147483647;
			files = (
			);
			inputFileListPaths = (
			);
			inputPaths = (
				"${PODS_PODFILE_DIR_PATH}/Podfile.lock",
				"${PODS_ROOT}/Manifest.lock",
			);
			name = "[CP] Check Pods Manifest.lock";
			outputFileListPaths = (
			);
			outputPaths = (
				"$(DERIVED_FILE_DIR)/Pods-JiShi-checkManifestLockResult.txt",
			);
			runOnlyForDeploymentPostprocessing = 0;
			shellPath = /bin/sh;
			shellScript = "diff \"${PODS_PODFILE_DIR_PATH}/Podfile.lock\" \"${PODS_ROOT}/Manifest.lock\" > /dev/null\nif [ $? != 0 ] ; then\n    # print error to STDERR\n    echo \"error: The sandbox is not in sync with the Podfile.lock. Run 'pod install' or update your CocoaPods installation.\" >&2\n    exit 1\nfi\n# This output is used by Xcode 'outputs' to avoid re-running this script phase.\necho \"SUCCESS\" > \"${SCRIPT_OUTPUT_FILE_0}\"\n";
			showEnvVarsInLog = 0;
		};
		D35D2AE59AFD7F6324BCD8B7 /* [CP] Embed Pods Frameworks */ = {
			isa = PBXShellScriptBuildPhase;
			buildActionMask = 2147483647;
			files = (
			);
			inputFileListPaths = (
				"${PODS_ROOT}/Target Support Files/Pods-JiShi/Pods-JiShi-frameworks-${CONFIGURATION}-input-files.xcfilelist",
			);
			name = "[CP] Embed Pods Frameworks";
			outputFileListPaths = (
				"${PODS_ROOT}/Target Support Files/Pods-JiShi/Pods-JiShi-frameworks-${CONFIGURATION}-output-files.xcfilelist",
			);
			runOnlyForDeploymentPostprocessing = 0;
			shellPath = /bin/sh;
			shellScript = "\"${PODS_ROOT}/Target Support Files/Pods-JiShi/Pods-JiShi-frameworks.sh\"\n";
			showEnvVarsInLog = 0;
		};
/* End PBXShellScriptBuildPhase section */

/* Begin PBXSourcesBuildPhase section */
		36FF0E2E2B3601C4003B027F /* Sources */ = {
			isa = PBXSourcesBuildPhase;
			buildActionMask = 2147483647;
			files = (
				36AF9E5A2B3738D5000142B6 /* EduService.swift in Sources */,
				36FF0E7A2B360370003B027F /* MirrorConfig.swift in Sources */,
				366FFCEE2B380CC3001FA11D /* ClassroomViewModel.swift in Sources */,
				366FFD062B380D74001FA11D /* CampusLoginViewModel.swift in Sources */,
				366FFCEA2B380CAE001FA11D /* CalendarViewModel.swift in Sources */,
				36FF0E782B360370003B027F /* Channel.swift in Sources */,
				3618933E2B37BB99006E8299 /* EduWrapper.swift in Sources */,
				36FF0E792B360370003B027F /* Article.swift in Sources */,
				36AF9E452B3715E1000142B6 /* HttpClient.swift in Sources */,
				366FFCD42B380BFE001FA11D /* WelcomeViewModel.swift in Sources */,
				366FFCF02B380CCB001FA11D /* ExamScreen.swift in Sources */,
				363C8B232B3874FB0009A5D7 /* LessonRepository.swift in Sources */,
				36FF0E6B2B360370003B027F /* EduTermResult.swift in Sources */,
				366FFCF82B380CF0001FA11D /* ScoreScreen.swift in Sources */,
				366FFD022B380D60001FA11D /* AboutScreen.swift in Sources */,
				366FFCD72B380C11001FA11D /* NewsListViewModel.swift in Sources */,
				366FFD0E2B380D9A001FA11D /* SettingListScreen.swift in Sources */,
				366FFCF42B380CDF001FA11D /* QrcodeScreen.swift in Sources */,
				366FFCF62B380CE8001FA11D /* QrcodeViewModel.swift in Sources */,
				366FFD142B380DF0001FA11D /* CalendarScreen.swift in Sources */,
				366FFCDE2B380C3C001FA11D /* NewsDetailViewModel.swift in Sources */,
				366FFCD92B380C1A001FA11D /* NewsListScreen.swift in Sources */,
				366FFD122B380DB0001FA11D /* SubscriptionViewModel.swift in Sources */,
				366FFD102B380DA5001FA11D /* SubscriptionScreen.swift in Sources */,
				366FFCFA2B380CF9001FA11D /* ScoreViewModel.swift in Sources */,
				363C8B292B38755A0009A5D7 /* RssRepository.swift in Sources */,
				36FF0E752B360370003B027F /* User.swift in Sources */,
				36FF0E732B360370003B027F /* EduQueryResult.swift in Sources */,
				36FF0E712B360370003B027F /* EduScoreResult.swift in Sources */,
				36FF0E6A2B360370003B027F /* EduBuildingResult.swift in Sources */,
				363C8B252B3875070009A5D7 /* RoomRepository.swift in Sources */,
				36AF9E542B3736EF000142B6 /* ChannelDao.swift in Sources */,
				366FFD0C2B380D91001FA11D /* PrivacyScreen.swift in Sources */,
				36FF0E7D2B360370003B027F /* ClassDetail.swift in Sources */,
				366FFCDC2B380C30001FA11D /* NewsDetailScreen.swift in Sources */,
				363C8B1F2B3874D20009A5D7 /* UserRepository.swift in Sources */,
				363C8B2F2B3990800009A5D7 /* Result.swift in Sources */,
				363C8B2B2B3875810009A5D7 /* HallRepository.swift in Sources */,
				36FF0E702B360370003B027F /* EduRoomResult.swift in Sources */,
				36FF0E742B360370003B027F /* EduLessonResult.swift in Sources */,
				36FF0E6F2B360370003B027F /* EduResource.swift in Sources */,
				36FF0E762B360370003B027F /* Repository.swift in Sources */,
				366FFCEC2B380CB7001FA11D /* ClassroomScreen.swift in Sources */,
				366FFCCD2B3809D0001FA11D /* CalendarHelper.swift in Sources */,
				36FF0E7B2B360370003B027F /* Homework.swift in Sources */,
				366FFD042B380D69001FA11D /* CampusLoginScreen.swift in Sources */,
				363C8B212B3874F00009A5D7 /* ExamRepository.swift in Sources */,
				36AF9E582B3738CC000142B6 /* CasService.swift in Sources */,
				36FF0E7C2B360370003B027F /* LessonList.swift in Sources */,
				366FFCE12B380C50001FA11D /* HomeListScreen.swift in Sources */,
				366FFCF22B380CD3001FA11D /* ExamViewModel.swift in Sources */,
				363C8B272B3875130009A5D7 /* ScoreRepository.swift in Sources */,
				36AF9E5E2B373900000142B6 /* HallService.swift in Sources */,
				366FFD0A2B380D88001FA11D /* CardLoginViewModel.swift in Sources */,
				366FFD082B380D7E001FA11D /* CardLoginScreen.swift in Sources */,
				366FFCD22B380BF3001FA11D /* WelcomeScreen.swift in Sources */,
				36AF9E562B37382D000142B6 /* ArticleDao.swift in Sources */,
				36FF0E6E2B360370003B027F /* EduExamResult.swift in Sources */,
				36FF0E692B360370003B027F /* EduAppConfig.swift in Sources */,
				36AF9E402B36B188000142B6 /* MainApp.swift in Sources */,
				36FF0E722B360370003B027F /* IStudentProfile.swift in Sources */,
			);
			runOnlyForDeploymentPostprocessing = 0;
		};
/* End PBXSourcesBuildPhase section */

/* Begin XCBuildConfiguration section */
		36FF0E3E2B3601C6003B027F /* Debug */ = {
			isa = XCBuildConfiguration;
			buildSettings = {
				ALWAYS_SEARCH_USER_PATHS = NO;
				ASSETCATALOG_COMPILER_GENERATE_SWIFT_ASSET_SYMBOL_EXTENSIONS = YES;
				CLANG_ANALYZER_NONNULL = YES;
				CLANG_ANALYZER_NUMBER_OBJECT_CONVERSION = YES_AGGRESSIVE;
				CLANG_CXX_LANGUAGE_STANDARD = "gnu++20";
				CLANG_ENABLE_MODULES = YES;
				CLANG_ENABLE_OBJC_ARC = YES;
				CLANG_ENABLE_OBJC_WEAK = YES;
				CLANG_WARN_BLOCK_CAPTURE_AUTORELEASING = YES;
				CLANG_WARN_BOOL_CONVERSION = YES;
				CLANG_WARN_COMMA = YES;
				CLANG_WARN_CONSTANT_CONVERSION = YES;
				CLANG_WARN_DEPRECATED_OBJC_IMPLEMENTATIONS = YES;
				CLANG_WARN_DIRECT_OBJC_ISA_USAGE = YES_ERROR;
				CLANG_WARN_DOCUMENTATION_COMMENTS = YES;
				CLANG_WARN_EMPTY_BODY = YES;
				CLANG_WARN_ENUM_CONVERSION = YES;
				CLANG_WARN_INFINITE_RECURSION = YES;
				CLANG_WARN_INT_CONVERSION = YES;
				CLANG_WARN_NON_LITERAL_NULL_CONVERSION = YES;
				CLANG_WARN_OBJC_IMPLICIT_RETAIN_SELF = YES;
				CLANG_WARN_OBJC_LITERAL_CONVERSION = YES;
				CLANG_WARN_OBJC_ROOT_CLASS = YES_ERROR;
				CLANG_WARN_QUOTED_INCLUDE_IN_FRAMEWORK_HEADER = YES;
				CLANG_WARN_RANGE_LOOP_ANALYSIS = YES;
				CLANG_WARN_STRICT_PROTOTYPES = YES;
				CLANG_WARN_SUSPICIOUS_MOVE = YES;
				CLANG_WARN_UNGUARDED_AVAILABILITY = YES_AGGRESSIVE;
				CLANG_WARN_UNREACHABLE_CODE = YES;
				CLANG_WARN__DUPLICATE_METHOD_MATCH = YES;
				COPY_PHASE_STRIP = NO;
				DEBUG_INFORMATION_FORMAT = dwarf;
				ENABLE_STRICT_OBJC_MSGSEND = YES;
				ENABLE_TESTABILITY = YES;
				ENABLE_USER_SCRIPT_SANDBOXING = YES;
				GCC_C_LANGUAGE_STANDARD = gnu17;
				GCC_DYNAMIC_NO_PIC = NO;
				GCC_NO_COMMON_BLOCKS = YES;
				GCC_OPTIMIZATION_LEVEL = 0;
				GCC_PREPROCESSOR_DEFINITIONS = (
					"DEBUG=1",
					"$(inherited)",
				);
				GCC_WARN_64_TO_32_BIT_CONVERSION = YES;
				GCC_WARN_ABOUT_RETURN_TYPE = YES_ERROR;
				GCC_WARN_UNDECLARED_SELECTOR = YES;
				GCC_WARN_UNINITIALIZED_AUTOS = YES_AGGRESSIVE;
				GCC_WARN_UNUSED_FUNCTION = YES;
				GCC_WARN_UNUSED_VARIABLE = YES;
				IPHONEOS_DEPLOYMENT_TARGET = 17.2;
				LOCALIZATION_PREFERS_STRING_CATALOGS = YES;
				MTL_ENABLE_DEBUG_INFO = INCLUDE_SOURCE;
				MTL_FAST_MATH = YES;
				ONLY_ACTIVE_ARCH = YES;
				SDKROOT = iphoneos;
				SWIFT_ACTIVE_COMPILATION_CONDITIONS = "DEBUG $(inherited)";
				SWIFT_OPTIMIZATION_LEVEL = "-Onone";
			};
			name = Debug;
		};
		36FF0E3F2B3601C6003B027F /* Release */ = {
			isa = XCBuildConfiguration;
			buildSettings = {
				ALWAYS_SEARCH_USER_PATHS = NO;
				ASSETCATALOG_COMPILER_GENERATE_SWIFT_ASSET_SYMBOL_EXTENSIONS = YES;
				CLANG_ANALYZER_NONNULL = YES;
				CLANG_ANALYZER_NUMBER_OBJECT_CONVERSION = YES_AGGRESSIVE;
				CLANG_CXX_LANGUAGE_STANDARD = "gnu++20";
				CLANG_ENABLE_MODULES = YES;
				CLANG_ENABLE_OBJC_ARC = YES;
				CLANG_ENABLE_OBJC_WEAK = YES;
				CLANG_WARN_BLOCK_CAPTURE_AUTORELEASING = YES;
				CLANG_WARN_BOOL_CONVERSION = YES;
				CLANG_WARN_COMMA = YES;
				CLANG_WARN_CONSTANT_CONVERSION = YES;
				CLANG_WARN_DEPRECATED_OBJC_IMPLEMENTATIONS = YES;
				CLANG_WARN_DIRECT_OBJC_ISA_USAGE = YES_ERROR;
				CLANG_WARN_DOCUMENTATION_COMMENTS = YES;
				CLANG_WARN_EMPTY_BODY = YES;
				CLANG_WARN_ENUM_CONVERSION = YES;
				CLANG_WARN_INFINITE_RECURSION = YES;
				CLANG_WARN_INT_CONVERSION = YES;
				CLANG_WARN_NON_LITERAL_NULL_CONVERSION = YES;
				CLANG_WARN_OBJC_IMPLICIT_RETAIN_SELF = YES;
				CLANG_WARN_OBJC_LITERAL_CONVERSION = YES;
				CLANG_WARN_OBJC_ROOT_CLASS = YES_ERROR;
				CLANG_WARN_QUOTED_INCLUDE_IN_FRAMEWORK_HEADER = YES;
				CLANG_WARN_RANGE_LOOP_ANALYSIS = YES;
				CLANG_WARN_STRICT_PROTOTYPES = YES;
				CLANG_WARN_SUSPICIOUS_MOVE = YES;
				CLANG_WARN_UNGUARDED_AVAILABILITY = YES_AGGRESSIVE;
				CLANG_WARN_UNREACHABLE_CODE = YES;
				CLANG_WARN__DUPLICATE_METHOD_MATCH = YES;
				COPY_PHASE_STRIP = NO;
				DEBUG_INFORMATION_FORMAT = "dwarf-with-dsym";
				ENABLE_NS_ASSERTIONS = NO;
				ENABLE_STRICT_OBJC_MSGSEND = YES;
				ENABLE_USER_SCRIPT_SANDBOXING = YES;
				GCC_C_LANGUAGE_STANDARD = gnu17;
				GCC_NO_COMMON_BLOCKS = YES;
				GCC_WARN_64_TO_32_BIT_CONVERSION = YES;
				GCC_WARN_ABOUT_RETURN_TYPE = YES_ERROR;
				GCC_WARN_UNDECLARED_SELECTOR = YES;
				GCC_WARN_UNINITIALIZED_AUTOS = YES_AGGRESSIVE;
				GCC_WARN_UNUSED_FUNCTION = YES;
				GCC_WARN_UNUSED_VARIABLE = YES;
				IPHONEOS_DEPLOYMENT_TARGET = 17.2;
				LOCALIZATION_PREFERS_STRING_CATALOGS = YES;
				MTL_ENABLE_DEBUG_INFO = NO;
				MTL_FAST_MATH = YES;
				SDKROOT = iphoneos;
				SWIFT_COMPILATION_MODE = wholemodule;
				VALIDATE_PRODUCT = YES;
			};
			name = Release;
		};
		36FF0E412B3601C6003B027F /* Debug */ = {
			isa = XCBuildConfiguration;
			baseConfigurationReference = 18A7453061ABB55B4A9CD85E /* Pods-JiShi.debug.xcconfig */;
			buildSettings = {
				ASSETCATALOG_COMPILER_APPICON_NAME = AppIcon;
				ASSETCATALOG_COMPILER_GLOBAL_ACCENT_COLOR_NAME = AccentColor;
				CODE_SIGN_STYLE = Automatic;
				CURRENT_PROJECT_VERSION = 1;
				DEVELOPMENT_ASSET_PATHS = "\"JiShi/Preview Content\"";
				DEVELOPMENT_TEAM = 3YT99BGRYR;
				ENABLE_PREVIEWS = YES;
				ENABLE_USER_SCRIPT_SANDBOXING = NO;
				GENERATE_INFOPLIST_FILE = YES;
				INFOPLIST_FILE = JiShi/Info.plist;
				INFOPLIST_KEY_UIApplicationSceneManifest_Generation = YES;
				INFOPLIST_KEY_UIApplicationSupportsIndirectInputEvents = YES;
				INFOPLIST_KEY_UILaunchScreen_Generation = YES;
				INFOPLIST_KEY_UISupportedInterfaceOrientations_iPad = "UIInterfaceOrientationPortrait UIInterfaceOrientationPortraitUpsideDown UIInterfaceOrientationLandscapeLeft UIInterfaceOrientationLandscapeRight";
				INFOPLIST_KEY_UISupportedInterfaceOrientations_iPhone = "UIInterfaceOrientationPortrait UIInterfaceOrientationLandscapeLeft UIInterfaceOrientationLandscapeRight";
				LD_RUNPATH_SEARCH_PATHS = (
					"$(inherited)",
					"@executable_path/Frameworks",
				);
				MARKETING_VERSION = 1.0;
				PRODUCT_BUNDLE_IDENTIFIER = yihtseu.JiShi;
				PRODUCT_NAME = "$(TARGET_NAME)";
				SWIFT_EMIT_LOC_STRINGS = YES;
				SWIFT_VERSION = 5.0;
				TARGETED_DEVICE_FAMILY = "1,2";
			};
			name = Debug;
		};
		36FF0E422B3601C6003B027F /* Release */ = {
			isa = XCBuildConfiguration;
			baseConfigurationReference = 534865F1CB38B583B7AD1770 /* Pods-JiShi.release.xcconfig */;
			buildSettings = {
				ASSETCATALOG_COMPILER_APPICON_NAME = AppIcon;
				ASSETCATALOG_COMPILER_GLOBAL_ACCENT_COLOR_NAME = AccentColor;
				CODE_SIGN_STYLE = Automatic;
				CURRENT_PROJECT_VERSION = 1;
				DEVELOPMENT_ASSET_PATHS = "\"JiShi/Preview Content\"";
				DEVELOPMENT_TEAM = 3YT99BGRYR;
				ENABLE_PREVIEWS = YES;
				ENABLE_USER_SCRIPT_SANDBOXING = NO;
				GENERATE_INFOPLIST_FILE = YES;
				INFOPLIST_FILE = JiShi/Info.plist;
				INFOPLIST_KEY_UIApplicationSceneManifest_Generation = YES;
				INFOPLIST_KEY_UIApplicationSupportsIndirectInputEvents = YES;
				INFOPLIST_KEY_UILaunchScreen_Generation = YES;
				INFOPLIST_KEY_UISupportedInterfaceOrientations_iPad = "UIInterfaceOrientationPortrait UIInterfaceOrientationPortraitUpsideDown UIInterfaceOrientationLandscapeLeft UIInterfaceOrientationLandscapeRight";
				INFOPLIST_KEY_UISupportedInterfaceOrientations_iPhone = "UIInterfaceOrientationPortrait UIInterfaceOrientationLandscapeLeft UIInterfaceOrientationLandscapeRight";
				LD_RUNPATH_SEARCH_PATHS = (
					"$(inherited)",
					"@executable_path/Frameworks",
				);
				MARKETING_VERSION = 1.0;
				PRODUCT_BUNDLE_IDENTIFIER = yihtseu.JiShi;
				PRODUCT_NAME = "$(TARGET_NAME)";
				SWIFT_EMIT_LOC_STRINGS = YES;
				SWIFT_VERSION = 5.0;
				TARGETED_DEVICE_FAMILY = "1,2";
			};
			name = Release;
		};
/* End XCBuildConfiguration section */

/* Begin XCConfigurationList section */
		36FF0E2D2B3601C4003B027F /* Build configuration list for PBXProject "JiShi" */ = {
			isa = XCConfigurationList;
			buildConfigurations = (
				36FF0E3E2B3601C6003B027F /* Debug */,
				36FF0E3F2B3601C6003B027F /* Release */,
			);
			defaultConfigurationIsVisible = 0;
			defaultConfigurationName = Release;
		};
		36FF0E402B3601C6003B027F /* Build configuration list for PBXNativeTarget "JiShi" */ = {
			isa = XCConfigurationList;
			buildConfigurations = (
				36FF0E412B3601C6003B027F /* Debug */,
				36FF0E422B3601C6003B027F /* Release */,
			);
			defaultConfigurationIsVisible = 0;
			defaultConfigurationName = Release;
		};
/* End XCConfigurationList section */
	};
	rootObject = 36FF0E2A2B3601C4003B027F /* Project object */;
}
